{
  "originHash" : "d5f84bc604ff47de3da1e4319e350ebac0b7feb2a8b90c6151509cc4284c16ad",
  "pins" : [
    {
      "identity" : "capacitor-swift-pm",
      "kind" : "remoteSourceControl",
      "location" : "https://github.com/ionic-team/capacitor-swift-pm.git",
      "state" : {
        "revision" : "1f324fe7bdbdc8c5cc28bea48a231545a8c2e823",
        "version" : "8.1.0"
      }
    }
  ],
  "version" : 3
}
